
Microsoft Visual Studio Solution File, Format Version 12.00
# Visual Studio Version 16
VisualStudioVersion = 16.0.30621.155
MinimumVisualStudioVersion = 10.0.40219.1
Project("{FAE04EC0-301F-11D3-BF4B-00C04F79EFBC}") = "Kirsof_Kanunu_Uygulamasi", "Kirsof_Kanunu_Uygulamasi\Kirsof_Kanunu_Uygulamasi.csproj", "{2B52ED03-19DF-48D7-BA46-4E70BFB649B9}"
EndProject
Global
	GlobalSection(SolutionConfigurationPlatforms) = preSolution
		Debug|Any CPU = Debug|Any CPU
		Release|Any CPU = Release|Any CPU
	EndGlobalSection
	GlobalSection(ProjectConfigurationPlatforms) = postSolution
		{2B52ED03-19DF-48D7-BA46-4E70BFB649B9}.Debug|Any CPU.ActiveCfg = Debug|Any CPU
		{2B52ED03-19DF-48D7-BA46-4E70BFB649B9}.Debug|Any CPU.Build.0 = Debug|Any CPU
		{2B52ED03-19DF-48D7-BA46-4E70BFB649B9}.Release|Any CPU.ActiveCfg = Release|Any CPU
		{2B52ED03-19DF-48D7-BA46-4E70BFB649B9}.Release|Any CPU.Build.0 = Release|Any CPU
	EndGlobalSection
	GlobalSection(SolutionProperties) = preSolution
		HideSolutionNode = FALSE
	EndGlobalSection
	GlobalSection(ExtensibilityGlobals) = postSolution
		SolutionGuid = {9CCB877C-95CF-4FC4-BA06-5C04BBF71926}
	EndGlobalSection
EndGlobal
