
Microsoft Visual Studio Solution File, Format Version 12.00
# Visual Studio Version 16
VisualStudioVersion = 16.0.30621.155
MinimumVisualStudioVersion = 10.0.40219.1
Project("{FAE04EC0-301F-11D3-BF4B-00C04F79EFBC}") = "Alinan_Bilgileri_Okuma_Ve_Yazdirma", "Alinan_Bilgileri_Okuma_Ve_Yazdirma\Alinan_Bilgileri_Okuma_Ve_Yazdirma.csproj", "{77E14091-EF4C-4D00-8C31-8B32533A5359}"
EndProject
Global
	GlobalSection(SolutionConfigurationPlatforms) = preSolution
		Debug|Any CPU = Debug|Any CPU
		Release|Any CPU = Release|Any CPU
	EndGlobalSection
	GlobalSection(ProjectConfigurationPlatforms) = postSolution
		{77E14091-EF4C-4D00-8C31-8B32533A5359}.Debug|Any CPU.ActiveCfg = Debug|Any CPU
		{77E14091-EF4C-4D00-8C31-8B32533A5359}.Debug|Any CPU.Build.0 = Debug|Any CPU
		{77E14091-EF4C-4D00-8C31-8B32533A5359}.Release|Any CPU.ActiveCfg = Release|Any CPU
		{77E14091-EF4C-4D00-8C31-8B32533A5359}.Release|Any CPU.Build.0 = Release|Any CPU
	EndGlobalSection
	GlobalSection(SolutionProperties) = preSolution
		HideSolutionNode = FALSE
	EndGlobalSection
	GlobalSection(ExtensibilityGlobals) = postSolution
		SolutionGuid = {D62ED941-6495-4636-9A40-0AB9753168FF}
	EndGlobalSection
EndGlobal
