
Microsoft Visual Studio Solution File, Format Version 12.00
# Visual Studio Version 16
VisualStudioVersion = 16.0.30621.155
MinimumVisualStudioVersion = 10.0.40219.1
Project("{FAE04EC0-301F-11D3-BF4B-00C04F79EFBC}") = "Ikinci_Derece_Denklem_Olusturma", "Ikinci_Derece_Denklem_Olusturma\Ikinci_Derece_Denklem_Olusturma.csproj", "{78F6862D-9CD8-492B-8C6A-B2D4AA60E994}"
EndProject
Global
	GlobalSection(SolutionConfigurationPlatforms) = preSolution
		Debug|Any CPU = Debug|Any CPU
		Release|Any CPU = Release|Any CPU
	EndGlobalSection
	GlobalSection(ProjectConfigurationPlatforms) = postSolution
		{78F6862D-9CD8-492B-8C6A-B2D4AA60E994}.Debug|Any CPU.ActiveCfg = Debug|Any CPU
		{78F6862D-9CD8-492B-8C6A-B2D4AA60E994}.Debug|Any CPU.Build.0 = Debug|Any CPU
		{78F6862D-9CD8-492B-8C6A-B2D4AA60E994}.Release|Any CPU.ActiveCfg = Release|Any CPU
		{78F6862D-9CD8-492B-8C6A-B2D4AA60E994}.Release|Any CPU.Build.0 = Release|Any CPU
	EndGlobalSection
	GlobalSection(SolutionProperties) = preSolution
		HideSolutionNode = FALSE
	EndGlobalSection
	GlobalSection(ExtensibilityGlobals) = postSolution
		SolutionGuid = {20071DB0-AD17-4E97-94D9-23763A89EC61}
	EndGlobalSection
EndGlobal
