
Microsoft Visual Studio Solution File, Format Version 12.00
# Visual Studio Version 16
VisualStudioVersion = 16.0.30621.155
MinimumVisualStudioVersion = 10.0.40219.1
Project("{FAE04EC0-301F-11D3-BF4B-00C04F79EFBC}") = "Girilen_Sayinin_Basamak_Sayisini_Bulma", "Girilen_Sayinin_Basamak_Sayisini_Bulma\Girilen_Sayinin_Basamak_Sayisini_Bulma.csproj", "{FE3687AE-C55F-4A0E-B555-B1B4493A3FDC}"
EndProject
Global
	GlobalSection(SolutionConfigurationPlatforms) = preSolution
		Debug|Any CPU = Debug|Any CPU
		Release|Any CPU = Release|Any CPU
	EndGlobalSection
	GlobalSection(ProjectConfigurationPlatforms) = postSolution
		{FE3687AE-C55F-4A0E-B555-B1B4493A3FDC}.Debug|Any CPU.ActiveCfg = Debug|Any CPU
		{FE3687AE-C55F-4A0E-B555-B1B4493A3FDC}.Debug|Any CPU.Build.0 = Debug|Any CPU
		{FE3687AE-C55F-4A0E-B555-B1B4493A3FDC}.Release|Any CPU.ActiveCfg = Release|Any CPU
		{FE3687AE-C55F-4A0E-B555-B1B4493A3FDC}.Release|Any CPU.Build.0 = Release|Any CPU
	EndGlobalSection
	GlobalSection(SolutionProperties) = preSolution
		HideSolutionNode = FALSE
	EndGlobalSection
	GlobalSection(ExtensibilityGlobals) = postSolution
		SolutionGuid = {2D7C161D-3657-41CC-B447-D2CE797C526E}
	EndGlobalSection
EndGlobal
