
Microsoft Visual Studio Solution File, Format Version 12.00
# Visual Studio Version 16
VisualStudioVersion = 16.0.30621.155
MinimumVisualStudioVersion = 10.0.40219.1
Project("{FAE04EC0-301F-11D3-BF4B-00C04F79EFBC}") = "Dik_Ucgen_Testi", "Dik_Ucgen_Testi\Dik_Ucgen_Testi.csproj", "{B35194F7-F0CD-4211-B244-F0100516B8E2}"
EndProject
Global
	GlobalSection(SolutionConfigurationPlatforms) = preSolution
		Debug|Any CPU = Debug|Any CPU
		Release|Any CPU = Release|Any CPU
	EndGlobalSection
	GlobalSection(ProjectConfigurationPlatforms) = postSolution
		{B35194F7-F0CD-4211-B244-F0100516B8E2}.Debug|Any CPU.ActiveCfg = Debug|Any CPU
		{B35194F7-F0CD-4211-B244-F0100516B8E2}.Debug|Any CPU.Build.0 = Debug|Any CPU
		{B35194F7-F0CD-4211-B244-F0100516B8E2}.Release|Any CPU.ActiveCfg = Release|Any CPU
		{B35194F7-F0CD-4211-B244-F0100516B8E2}.Release|Any CPU.Build.0 = Release|Any CPU
	EndGlobalSection
	GlobalSection(SolutionProperties) = preSolution
		HideSolutionNode = FALSE
	EndGlobalSection
	GlobalSection(ExtensibilityGlobals) = postSolution
		SolutionGuid = {6103C026-45B1-4CDF-AD08-E1179B0FF9C4}
	EndGlobalSection
EndGlobal
