
Microsoft Visual Studio Solution File, Format Version 12.00
# Visual Studio Version 16
VisualStudioVersion = 16.0.30621.155
MinimumVisualStudioVersion = 10.0.40219.1
Project("{FAE04EC0-301F-11D3-BF4B-00C04F79EFBC}") = "Dik_Ucken_Alan_Ve_Cevre_Hesabi", "Dik_Ucken_Alan_Ve_Cevre_Hesabi\Dik_Ucken_Alan_Ve_Cevre_Hesabi.csproj", "{64F26E31-56E7-4630-8AA7-6C7852B163F4}"
EndProject
Global
	GlobalSection(SolutionConfigurationPlatforms) = preSolution
		Debug|Any CPU = Debug|Any CPU
		Release|Any CPU = Release|Any CPU
	EndGlobalSection
	GlobalSection(ProjectConfigurationPlatforms) = postSolution
		{64F26E31-56E7-4630-8AA7-6C7852B163F4}.Debug|Any CPU.ActiveCfg = Debug|Any CPU
		{64F26E31-56E7-4630-8AA7-6C7852B163F4}.Debug|Any CPU.Build.0 = Debug|Any CPU
		{64F26E31-56E7-4630-8AA7-6C7852B163F4}.Release|Any CPU.ActiveCfg = Release|Any CPU
		{64F26E31-56E7-4630-8AA7-6C7852B163F4}.Release|Any CPU.Build.0 = Release|Any CPU
	EndGlobalSection
	GlobalSection(SolutionProperties) = preSolution
		HideSolutionNode = FALSE
	EndGlobalSection
	GlobalSection(ExtensibilityGlobals) = postSolution
		SolutionGuid = {B00731EE-4866-4797-A537-43E3CFA579EB}
	EndGlobalSection
EndGlobal
