
Microsoft Visual Studio Solution File, Format Version 12.00
# Visual Studio Version 16
VisualStudioVersion = 16.0.30621.155
MinimumVisualStudioVersion = 10.0.40219.1
Project("{FAE04EC0-301F-11D3-BF4B-00C04F79EFBC}") = "Yol_Hiz_Problemi_Hesaplama", "Yol_Hiz_Problemi_Hesaplama\Yol_Hiz_Problemi_Hesaplama.csproj", "{AAF31C7E-5C59-4749-83BD-3231DD07F8DF}"
EndProject
Global
	GlobalSection(SolutionConfigurationPlatforms) = preSolution
		Debug|Any CPU = Debug|Any CPU
		Release|Any CPU = Release|Any CPU
	EndGlobalSection
	GlobalSection(ProjectConfigurationPlatforms) = postSolution
		{AAF31C7E-5C59-4749-83BD-3231DD07F8DF}.Debug|Any CPU.ActiveCfg = Debug|Any CPU
		{AAF31C7E-5C59-4749-83BD-3231DD07F8DF}.Debug|Any CPU.Build.0 = Debug|Any CPU
		{AAF31C7E-5C59-4749-83BD-3231DD07F8DF}.Release|Any CPU.ActiveCfg = Release|Any CPU
		{AAF31C7E-5C59-4749-83BD-3231DD07F8DF}.Release|Any CPU.Build.0 = Release|Any CPU
	EndGlobalSection
	GlobalSection(SolutionProperties) = preSolution
		HideSolutionNode = FALSE
	EndGlobalSection
	GlobalSection(ExtensibilityGlobals) = postSolution
		SolutionGuid = {EDA0C109-E31A-4ED6-9949-A600D9409C18}
	EndGlobalSection
EndGlobal
