
Microsoft Visual Studio Solution File, Format Version 12.00
# Visual Studio Version 16
VisualStudioVersion = 16.0.30621.155
MinimumVisualStudioVersion = 10.0.40219.1
Project("{FAE04EC0-301F-11D3-BF4B-00C04F79EFBC}") = "Aritmatik_Ortalama(diziler_ile)", "Aritmatik_Ortalama(diziler_ile)\Aritmatik_Ortalama(diziler_ile).csproj", "{CF956A4A-459C-46A1-9105-58923AFF0962}"
EndProject
Global
	GlobalSection(SolutionConfigurationPlatforms) = preSolution
		Debug|Any CPU = Debug|Any CPU
		Release|Any CPU = Release|Any CPU
	EndGlobalSection
	GlobalSection(ProjectConfigurationPlatforms) = postSolution
		{CF956A4A-459C-46A1-9105-58923AFF0962}.Debug|Any CPU.ActiveCfg = Debug|Any CPU
		{CF956A4A-459C-46A1-9105-58923AFF0962}.Debug|Any CPU.Build.0 = Debug|Any CPU
		{CF956A4A-459C-46A1-9105-58923AFF0962}.Release|Any CPU.ActiveCfg = Release|Any CPU
		{CF956A4A-459C-46A1-9105-58923AFF0962}.Release|Any CPU.Build.0 = Release|Any CPU
	EndGlobalSection
	GlobalSection(SolutionProperties) = preSolution
		HideSolutionNode = FALSE
	EndGlobalSection
	GlobalSection(ExtensibilityGlobals) = postSolution
		SolutionGuid = {4EB57029-7E45-4174-911D-AFA650AE8121}
	EndGlobalSection
EndGlobal
